// !$*UTF8*$!
{
	archiveVersion = 1;
	classes = {
	};
	objectVersion = 56;
	objects = {

/* Begin PBXBuildFile section */
		527464672BDF327F001537BF /* AnimaliaApp.swift in Sources */ = {isa = PBXBuildFile; fileRef = 527464662BDF327F001537BF /* AnimaliaApp.swift */; };
		527464692BDF327F001537BF /* ContentView.swift in Sources */ = {isa = PBXBuildFile; fileRef = 527464682BDF327F001537BF /* ContentView.swift */; };
		5274646B2BDF3281001537BF /* Assets.xcassets in Resources */ = {isa = PBXBuildFile; fileRef = 5274646A2BDF3281001537BF /* Assets.xcassets */; };
		5274646E2BDF3281001537BF /* Preview Assets.xcassets in Resources */ = {isa = PBXBuildFile; fileRef = 5274646D2BDF3281001537BF /* Preview Assets.xcassets */; };
		5274647C2BDF35E7001537BF /* animals.json in Resources */ = {isa = PBXBuildFile; fileRef = 527464772BDF35E7001537BF /* animals.json */; };
		5274647D2BDF35E7001537BF /* covers.json in Resources */ = {isa = PBXBuildFile; fileRef = 527464782BDF35E7001537BF /* covers.json */; };
		5274647E2BDF35E7001537BF /* locations.json in Resources */ = {isa = PBXBuildFile; fileRef = 527464792BDF35E7001537BF /* locations.json */; };
		5274647F2BDF35E7001537BF /* videos.json in Resources */ = {isa = PBXBuildFile; fileRef = 5274647A2BDF35E7001537BF /* videos.json */; };
		527464832BDF37EB001537BF /* CoverImageView.swift in Sources */ = {isa = PBXBuildFile; fileRef = 527464822BDF37EB001537BF /* CoverImageView.swift */; };
		527464862BDF3905001537BF /* CoverImageModel.swift in Sources */ = {isa = PBXBuildFile; fileRef = 527464852BDF3905001537BF /* CoverImageModel.swift */; };
		527464892BDF39EC001537BF /* Bundle+Ext.swift in Sources */ = {isa = PBXBuildFile; fileRef = 527464882BDF39EC001537BF /* Bundle+Ext.swift */; };
		527464912BDF43D3001537BF /* AnimalModel.swift in Sources */ = {isa = PBXBuildFile; fileRef = 527464902BDF43D3001537BF /* AnimalModel.swift */; };
		527464932BDF44BD001537BF /* AnimalListItemView.swift in Sources */ = {isa = PBXBuildFile; fileRef = 527464922BDF44BD001537BF /* AnimalListItemView.swift */; };
		527464952BDF504E001537BF /* OctagonImageFrame.swift in Sources */ = {isa = PBXBuildFile; fileRef = 527464942BDF504E001537BF /* OctagonImageFrame.swift */; };
		527464972BDF5D33001537BF /* AnimalGridItemView.swift in Sources */ = {isa = PBXBuildFile; fileRef = 527464962BDF5D33001537BF /* AnimalGridItemView.swift */; };
		527464992BDF6082001537BF /* MainView.swift in Sources */ = {isa = PBXBuildFile; fileRef = 527464982BDF6082001537BF /* MainView.swift */; };
		5274649B2BDF77AC001537BF /* AnimalDetailView.swift in Sources */ = {isa = PBXBuildFile; fileRef = 5274649A2BDF77AC001537BF /* AnimalDetailView.swift */; };
		5274649D2BDF7CBE001537BF /* HeadingView.swift in Sources */ = {isa = PBXBuildFile; fileRef = 5274649C2BDF7CBE001537BF /* HeadingView.swift */; };
		5274649F2BDF7F69001537BF /* InsetGalleryView.swift in Sources */ = {isa = PBXBuildFile; fileRef = 5274649E2BDF7F69001537BF /* InsetGalleryView.swift */; };
		527464A12BDF82A0001537BF /* InsetFactView.swift in Sources */ = {isa = PBXBuildFile; fileRef = 527464A02BDF82A0001537BF /* InsetFactView.swift */; };
		527464A32BDF8B4F001537BF /* InsetMapView.swift in Sources */ = {isa = PBXBuildFile; fileRef = 527464A22BDF8B4F001537BF /* InsetMapView.swift */; };
		527464A52BDF8E34001537BF /* CLLocation+Ext.swift in Sources */ = {isa = PBXBuildFile; fileRef = 527464A42BDF8E34001537BF /* CLLocation+Ext.swift */; };
/* End PBXBuildFile section */

/* Begin PBXFileReference section */
		527464632BDF327F001537BF /* Animalia.app */ = {isa = PBXFileReference; explicitFileType = wrapper.application; includeInIndex = 0; path = Animalia.app; sourceTree = BUILT_PRODUCTS_DIR; };
		527464662BDF327F001537BF /* AnimaliaApp.swift */ = {isa = PBXFileReference; lastKnownFileType = sourcecode.swift; path = AnimaliaApp.swift; sourceTree = "<group>"; };
		527464682BDF327F001537BF /* ContentView.swift */ = {isa = PBXFileReference; lastKnownFileType = sourcecode.swift; path = ContentView.swift; sourceTree = "<group>"; };
		5274646A2BDF3281001537BF /* Assets.xcassets */ = {isa = PBXFileReference; lastKnownFileType = folder.assetcatalog; path = Assets.xcassets; sourceTree = "<group>"; };
		5274646D2BDF3281001537BF /* Preview Assets.xcassets */ = {isa = PBXFileReference; lastKnownFileType = folder.assetcatalog; path = "Preview Assets.xcassets"; sourceTree = "<group>"; };
		527464772BDF35E7001537BF /* animals.json */ = {isa = PBXFileReference; fileEncoding = 4; lastKnownFileType = text.json; path = animals.json; sourceTree = "<group>"; };
		527464782BDF35E7001537BF /* covers.json */ = {isa = PBXFileReference; fileEncoding = 4; lastKnownFileType = text.json; path = covers.json; sourceTree = "<group>"; };
		527464792BDF35E7001537BF /* locations.json */ = {isa = PBXFileReference; fileEncoding = 4; lastKnownFileType = text.json; path = locations.json; sourceTree = "<group>"; };
		5274647A2BDF35E7001537BF /* videos.json */ = {isa = PBXFileReference; fileEncoding = 4; lastKnownFileType = text.json; path = videos.json; sourceTree = "<group>"; };
		527464822BDF37EB001537BF /* CoverImageView.swift */ = {isa = PBXFileReference; lastKnownFileType = sourcecode.swift; path = CoverImageView.swift; sourceTree = "<group>"; };
		527464852BDF3905001537BF /* CoverImageModel.swift */ = {isa = PBXFileReference; lastKnownFileType = sourcecode.swift; path = CoverImageModel.swift; sourceTree = "<group>"; };
		527464882BDF39EC001537BF /* Bundle+Ext.swift */ = {isa = PBXFileReference; lastKnownFileType = sourcecode.swift; path = "Bundle+Ext.swift"; sourceTree = "<group>"; };
		5274648F2BDF3FF1001537BF /* Info.plist */ = {isa = PBXFileReference; lastKnownFileType = text.plist; path = Info.plist; sourceTree = "<group>"; };
		527464902BDF43D3001537BF /* AnimalModel.swift */ = {isa = PBXFileReference; lastKnownFileType = sourcecode.swift; path = AnimalModel.swift; sourceTree = "<group>"; };
		527464922BDF44BD001537BF /* AnimalListItemView.swift */ = {isa = PBXFileReference; lastKnownFileType = sourcecode.swift; path = AnimalListItemView.swift; sourceTree = "<group>"; };
		527464942BDF504E001537BF /* OctagonImageFrame.swift */ = {isa = PBXFileReference; lastKnownFileType = sourcecode.swift; path = OctagonImageFrame.swift; sourceTree = "<group>"; };
		527464962BDF5D33001537BF /* AnimalGridItemView.swift */ = {isa = PBXFileReference; lastKnownFileType = sourcecode.swift; path = AnimalGridItemView.swift; sourceTree = "<group>"; };
		527464982BDF6082001537BF /* MainView.swift */ = {isa = PBXFileReference; lastKnownFileType = sourcecode.swift; path = MainView.swift; sourceTree = "<group>"; };
		5274649A2BDF77AC001537BF /* AnimalDetailView.swift */ = {isa = PBXFileReference; lastKnownFileType = sourcecode.swift; path = AnimalDetailView.swift; sourceTree = "<group>"; };
		5274649C2BDF7CBE001537BF /* HeadingView.swift */ = {isa = PBXFileReference; lastKnownFileType = sourcecode.swift; path = HeadingView.swift; sourceTree = "<group>"; };
		5274649E2BDF7F69001537BF /* InsetGalleryView.swift */ = {isa = PBXFileReference; lastKnownFileType = sourcecode.swift; path = InsetGalleryView.swift; sourceTree = "<group>"; };
		527464A02BDF82A0001537BF /* InsetFactView.swift */ = {isa = PBXFileReference; lastKnownFileType = sourcecode.swift; path = InsetFactView.swift; sourceTree = "<group>"; };
		527464A22BDF8B4F001537BF /* InsetMapView.swift */ = {isa = PBXFileReference; lastKnownFileType = sourcecode.swift; path = InsetMapView.swift; sourceTree = "<group>"; };
		527464A42BDF8E34001537BF /* CLLocation+Ext.swift */ = {isa = PBXFileReference; lastKnownFileType = sourcecode.swift; path = "CLLocation+Ext.swift"; sourceTree = "<group>"; };
/* End PBXFileReference section */

/* Begin PBXFrameworksBuildPhase section */
		527464602BDF327F001537BF /* Frameworks */ = {
			isa = PBXFrameworksBuildPhase;
			buildActionMask = 2147483647;
			files = (
			);
			runOnlyForDeploymentPostprocessing = 0;
		};
/* End PBXFrameworksBuildPhase section */

/* Begin PBXGroup section */
		5274645A2BDF327F001537BF = {
			isa = PBXGroup;
			children = (
				527464652BDF327F001537BF /* Animalia */,
				527464642BDF327F001537BF /* Products */,
			);
			sourceTree = "<group>";
		};
		527464642BDF327F001537BF /* Products */ = {
			isa = PBXGroup;
			children = (
				527464632BDF327F001537BF /* Animalia.app */,
			);
			name = Products;
			sourceTree = "<group>";
		};
		527464652BDF327F001537BF /* Animalia */ = {
			isa = PBXGroup;
			children = (
				5274648F2BDF3FF1001537BF /* Info.plist */,
				527464872BDF398D001537BF /* Extensions */,
				527464802BDF37A1001537BF /* Modules */,
				527464762BDF3298001537BF /* App */,
				527464752BDF3290001537BF /* Main */,
				527464742BDF3287001537BF /* Resources */,
				5274646C2BDF3281001537BF /* Preview Content */,
			);
			path = Animalia;
			sourceTree = "<group>";
		};
		5274646C2BDF3281001537BF /* Preview Content */ = {
			isa = PBXGroup;
			children = (
				5274646D2BDF3281001537BF /* Preview Assets.xcassets */,
			);
			path = "Preview Content";
			sourceTree = "<group>";
		};
		527464742BDF3287001537BF /* Resources */ = {
			isa = PBXGroup;
			children = (
				5274647B2BDF35E7001537BF /* Data */,
				5274646A2BDF3281001537BF /* Assets.xcassets */,
			);
			path = Resources;
			sourceTree = "<group>";
		};
		527464752BDF3290001537BF /* Main */ = {
			isa = PBXGroup;
			children = (
				527464682BDF327F001537BF /* ContentView.swift */,
				527464982BDF6082001537BF /* MainView.swift */,
			);
			path = Main;
			sourceTree = "<group>";
		};
		527464762BDF3298001537BF /* App */ = {
			isa = PBXGroup;
			children = (
				527464662BDF327F001537BF /* AnimaliaApp.swift */,
			);
			path = App;
			sourceTree = "<group>";
		};
		5274647B2BDF35E7001537BF /* Data */ = {
			isa = PBXGroup;
			children = (
				527464772BDF35E7001537BF /* animals.json */,
				527464782BDF35E7001537BF /* covers.json */,
				527464792BDF35E7001537BF /* locations.json */,
				5274647A2BDF35E7001537BF /* videos.json */,
			);
			path = Data;
			sourceTree = "<group>";
		};
		527464802BDF37A1001537BF /* Modules */ = {
			isa = PBXGroup;
			children = (
				527464842BDF3849001537BF /* Models */,
				527464812BDF37C5001537BF /* Screen */,
			);
			path = Modules;
			sourceTree = "<group>";
		};
		527464812BDF37C5001537BF /* Screen */ = {
			isa = PBXGroup;
			children = (
				527464822BDF37EB001537BF /* CoverImageView.swift */,
				527464922BDF44BD001537BF /* AnimalListItemView.swift */,
				527464942BDF504E001537BF /* OctagonImageFrame.swift */,
				527464962BDF5D33001537BF /* AnimalGridItemView.swift */,
				5274649A2BDF77AC001537BF /* AnimalDetailView.swift */,
				5274649C2BDF7CBE001537BF /* HeadingView.swift */,
				5274649E2BDF7F69001537BF /* InsetGalleryView.swift */,
				527464A02BDF82A0001537BF /* InsetFactView.swift */,
				527464A22BDF8B4F001537BF /* InsetMapView.swift */,
			);
			path = Screen;
			sourceTree = "<group>";
		};
		527464842BDF3849001537BF /* Models */ = {
			isa = PBXGroup;
			children = (
				527464852BDF3905001537BF /* CoverImageModel.swift */,
				527464902BDF43D3001537BF /* AnimalModel.swift */,
			);
			path = Models;
			sourceTree = "<group>";
		};
		527464872BDF398D001537BF /* Extensions */ = {
			isa = PBXGroup;
			children = (
				527464882BDF39EC001537BF /* Bundle+Ext.swift */,
				527464A42BDF8E34001537BF /* CLLocation+Ext.swift */,
			);
			path = Extensions;
			sourceTree = "<group>";
		};
/* End PBXGroup section */

/* Begin PBXNativeTarget section */
		527464622BDF327F001537BF /* Animalia */ = {
			isa = PBXNativeTarget;
			buildConfigurationList = 527464712BDF3281001537BF /* Build configuration list for PBXNativeTarget "Animalia" */;
			buildPhases = (
				5274645F2BDF327F001537BF /* Sources */,
				527464602BDF327F001537BF /* Frameworks */,
				527464612BDF327F001537BF /* Resources */,
			);
			buildRules = (
			);
			dependencies = (
			);
			name = Animalia;
			productName = Animalia;
			productReference = 527464632BDF327F001537BF /* Animalia.app */;
			productType = "com.apple.product-type.application";
		};
/* End PBXNativeTarget section */

/* Begin PBXProject section */
		5274645B2BDF327F001537BF /* Project object */ = {
			isa = PBXProject;
			attributes = {
				BuildIndependentTargetsInParallel = 1;
				LastSwiftUpdateCheck = 1530;
				LastUpgradeCheck = 1530;
				TargetAttributes = {
					527464622BDF327F001537BF = {
						CreatedOnToolsVersion = 15.3;
					};
				};
			};
			buildConfigurationList = 5274645E2BDF327F001537BF /* Build configuration list for PBXProject "Animalia" */;
			compatibilityVersion = "Xcode 14.0";
			developmentRegion = en;
			hasScannedForEncodings = 0;
			knownRegions = (
				en,
				Base,
			);
			mainGroup = 5274645A2BDF327F001537BF;
			productRefGroup = 527464642BDF327F001537BF /* Products */;
			projectDirPath = "";
			projectRoot = "";
			targets = (
				527464622BDF327F001537BF /* Animalia */,
			);
		};
/* End PBXProject section */

/* Begin PBXResourcesBuildPhase section */
		527464612BDF327F001537BF /* Resources */ = {
			isa = PBXResourcesBuildPhase;
			buildActionMask = 2147483647;
			files = (
				5274647C2BDF35E7001537BF /* animals.json in Resources */,
				5274647D2BDF35E7001537BF /* covers.json in Resources */,
				5274647E2BDF35E7001537BF /* locations.json in Resources */,
				5274646E2BDF3281001537BF /* Preview Assets.xcassets in Resources */,
				5274646B2BDF3281001537BF /* Assets.xcassets in Resources */,
				5274647F2BDF35E7001537BF /* videos.json in Resources */,
			);
			runOnlyForDeploymentPostprocessing = 0;
		};
/* End PBXResourcesBuildPhase section */

/* Begin PBXSourcesBuildPhase section */
		5274645F2BDF327F001537BF /* Sources */ = {
			isa = PBXSourcesBuildPhase;
			buildActionMask = 2147483647;
			files = (
				527464A12BDF82A0001537BF /* InsetFactView.swift in Sources */,
				5274649B2BDF77AC001537BF /* AnimalDetailView.swift in Sources */,
				527464692BDF327F001537BF /* ContentView.swift in Sources */,
				527464A52BDF8E34001537BF /* CLLocation+Ext.swift in Sources */,
				527464912BDF43D3001537BF /* AnimalModel.swift in Sources */,
				527464832BDF37EB001537BF /* CoverImageView.swift in Sources */,
				527464992BDF6082001537BF /* MainView.swift in Sources */,
				527464952BDF504E001537BF /* OctagonImageFrame.swift in Sources */,
				527464892BDF39EC001537BF /* Bundle+Ext.swift in Sources */,
				5274649D2BDF7CBE001537BF /* HeadingView.swift in Sources */,
				527464672BDF327F001537BF /* AnimaliaApp.swift in Sources */,
				527464862BDF3905001537BF /* CoverImageModel.swift in Sources */,
				527464A32BDF8B4F001537BF /* InsetMapView.swift in Sources */,
				527464932BDF44BD001537BF /* AnimalListItemView.swift in Sources */,
				527464972BDF5D33001537BF /* AnimalGridItemView.swift in Sources */,
				5274649F2BDF7F69001537BF /* InsetGalleryView.swift in Sources */,
			);
			runOnlyForDeploymentPostprocessing = 0;
		};
/* End PBXSourcesBuildPhase section */

/* Begin XCBuildConfiguration section */
		5274646F2BDF3281001537BF /* Debug */ = {
			isa = XCBuildConfiguration;
			buildSettings = {
				ALWAYS_SEARCH_USER_PATHS = NO;
				ASSETCATALOG_COMPILER_GENERATE_SWIFT_ASSET_SYMBOL_EXTENSIONS = YES;
				CLANG_ANALYZER_NONNULL = YES;
				CLANG_ANALYZER_NUMBER_OBJECT_CONVERSION = YES_AGGRESSIVE;
				CLANG_CXX_LANGUAGE_STANDARD = "gnu++20";
				CLANG_ENABLE_MODULES = YES;
				CLANG_ENABLE_OBJC_ARC = YES;
				CLANG_ENABLE_OBJC_WEAK = YES;
				CLANG_WARN_BLOCK_CAPTURE_AUTORELEASING = YES;
				CLANG_WARN_BOOL_CONVERSION = YES;
				CLANG_WARN_COMMA = YES;
				CLANG_WARN_CONSTANT_CONVERSION = YES;
				CLANG_WARN_DEPRECATED_OBJC_IMPLEMENTATIONS = YES;
				CLANG_WARN_DIRECT_OBJC_ISA_USAGE = YES_ERROR;
				CLANG_WARN_DOCUMENTATION_COMMENTS = YES;
				CLANG_WARN_EMPTY_BODY = YES;
				CLANG_WARN_ENUM_CONVERSION = YES;
				CLANG_WARN_INFINITE_RECURSION = YES;
				CLANG_WARN_INT_CONVERSION = YES;
				CLANG_WARN_NON_LITERAL_NULL_CONVERSION = YES;
				CLANG_WARN_OBJC_IMPLICIT_RETAIN_SELF = YES;
				CLANG_WARN_OBJC_LITERAL_CONVERSION = YES;
				CLANG_WARN_OBJC_ROOT_CLASS = YES_ERROR;
				CLANG_WARN_QUOTED_INCLUDE_IN_FRAMEWORK_HEADER = YES;
				CLANG_WARN_RANGE_LOOP_ANALYSIS = YES;
				CLANG_WARN_STRICT_PROTOTYPES = YES;
				CLANG_WARN_SUSPICIOUS_MOVE = YES;
				CLANG_WARN_UNGUARDED_AVAILABILITY = YES_AGGRESSIVE;
				CLANG_WARN_UNREACHABLE_CODE = YES;
				CLANG_WARN__DUPLICATE_METHOD_MATCH = YES;
				COPY_PHASE_STRIP = NO;
				DEBUG_INFORMATION_FORMAT = dwarf;
				ENABLE_STRICT_OBJC_MSGSEND = YES;
				ENABLE_TESTABILITY = YES;
				ENABLE_USER_SCRIPT_SANDBOXING = YES;
				GCC_C_LANGUAGE_STANDARD = gnu17;
				GCC_DYNAMIC_NO_PIC = NO;
				GCC_NO_COMMON_BLOCKS = YES;
				GCC_OPTIMIZATION_LEVEL = 0;
				GCC_PREPROCESSOR_DEFINITIONS = (
					"DEBUG=1",
					"$(inherited)",
				);
				GCC_WARN_64_TO_32_BIT_CONVERSION = YES;
				GCC_WARN_ABOUT_RETURN_TYPE = YES_ERROR;
				GCC_WARN_UNDECLARED_SELECTOR = YES;
				GCC_WARN_UNINITIALIZED_AUTOS = YES_AGGRESSIVE;
				GCC_WARN_UNUSED_FUNCTION = YES;
				GCC_WARN_UNUSED_VARIABLE = YES;
				IPHONEOS_DEPLOYMENT_TARGET = 17.4;
				LOCALIZATION_PREFERS_STRING_CATALOGS = YES;
				MTL_ENABLE_DEBUG_INFO = INCLUDE_SOURCE;
				MTL_FAST_MATH = YES;
				ONLY_ACTIVE_ARCH = YES;
				SDKROOT = iphoneos;
				SWIFT_ACTIVE_COMPILATION_CONDITIONS = "DEBUG $(inherited)";
				SWIFT_OPTIMIZATION_LEVEL = "-Onone";
			};
			name = Debug;
		};
		527464702BDF3281001537BF /* Release */ = {
			isa = XCBuildConfiguration;
			buildSettings = {
				ALWAYS_SEARCH_USER_PATHS = NO;
				ASSETCATALOG_COMPILER_GENERATE_SWIFT_ASSET_SYMBOL_EXTENSIONS = YES;
				CLANG_ANALYZER_NONNULL = YES;
				CLANG_ANALYZER_NUMBER_OBJECT_CONVERSION = YES_AGGRESSIVE;
				CLANG_CXX_LANGUAGE_STANDARD = "gnu++20";
				CLANG_ENABLE_MODULES = YES;
				CLANG_ENABLE_OBJC_ARC = YES;
				CLANG_ENABLE_OBJC_WEAK = YES;
				CLANG_WARN_BLOCK_CAPTURE_AUTORELEASING = YES;
				CLANG_WARN_BOOL_CONVERSION = YES;
				CLANG_WARN_COMMA = YES;
				CLANG_WARN_CONSTANT_CONVERSION = YES;
				CLANG_WARN_DEPRECATED_OBJC_IMPLEMENTATIONS = YES;
				CLANG_WARN_DIRECT_OBJC_ISA_USAGE = YES_ERROR;
				CLANG_WARN_DOCUMENTATION_COMMENTS = YES;
				CLANG_WARN_EMPTY_BODY = YES;
				CLANG_WARN_ENUM_CONVERSION = YES;
				CLANG_WARN_INFINITE_RECURSION = YES;
				CLANG_WARN_INT_CONVERSION = YES;
				CLANG_WARN_NON_LITERAL_NULL_CONVERSION = YES;
				CLANG_WARN_OBJC_IMPLICIT_RETAIN_SELF = YES;
				CLANG_WARN_OBJC_LITERAL_CONVERSION = YES;
				CLANG_WARN_OBJC_ROOT_CLASS = YES_ERROR;
				CLANG_WARN_QUOTED_INCLUDE_IN_FRAMEWORK_HEADER = YES;
				CLANG_WARN_RANGE_LOOP_ANALYSIS = YES;
				CLANG_WARN_STRICT_PROTOTYPES = YES;
				CLANG_WARN_SUSPICIOUS_MOVE = YES;
				CLANG_WARN_UNGUARDED_AVAILABILITY = YES_AGGRESSIVE;
				CLANG_WARN_UNREACHABLE_CODE = YES;
				CLANG_WARN__DUPLICATE_METHOD_MATCH = YES;
				COPY_PHASE_STRIP = NO;
				DEBUG_INFORMATION_FORMAT = "dwarf-with-dsym";
				ENABLE_NS_ASSERTIONS = NO;
				ENABLE_STRICT_OBJC_MSGSEND = YES;
				ENABLE_USER_SCRIPT_SANDBOXING = YES;
				GCC_C_LANGUAGE_STANDARD = gnu17;
				GCC_NO_COMMON_BLOCKS = YES;
				GCC_WARN_64_TO_32_BIT_CONVERSION = YES;
				GCC_WARN_ABOUT_RETURN_TYPE = YES_ERROR;
				GCC_WARN_UNDECLARED_SELECTOR = YES;
				GCC_WARN_UNINITIALIZED_AUTOS = YES_AGGRESSIVE;
				GCC_WARN_UNUSED_FUNCTION = YES;
				GCC_WARN_UNUSED_VARIABLE = YES;
				IPHONEOS_DEPLOYMENT_TARGET = 17.4;
				LOCALIZATION_PREFERS_STRING_CATALOGS = YES;
				MTL_ENABLE_DEBUG_INFO = NO;
				MTL_FAST_MATH = YES;
				SDKROOT = iphoneos;
				SWIFT_COMPILATION_MODE = wholemodule;
				VALIDATE_PRODUCT = YES;
			};
			name = Release;
		};
		527464722BDF3281001537BF /* Debug */ = {
			isa = XCBuildConfiguration;
			buildSettings = {
				ASSETCATALOG_COMPILER_APPICON_NAME = AppIcon;
				ASSETCATALOG_COMPILER_GLOBAL_ACCENT_COLOR_NAME = AccentColor;
				CODE_SIGN_STYLE = Automatic;
				CURRENT_PROJECT_VERSION = 1;
				DEVELOPMENT_ASSET_PATHS = "\"Animalia/Preview Content\"";
				ENABLE_PREVIEWS = YES;
				GENERATE_INFOPLIST_FILE = YES;
				INFOPLIST_FILE = Animalia/Info.plist;
				INFOPLIST_KEY_LSApplicationCategoryType = "";
				INFOPLIST_KEY_UIApplicationSceneManifest_Generation = YES;
				INFOPLIST_KEY_UIApplicationSupportsIndirectInputEvents = YES;
				INFOPLIST_KEY_UISupportedInterfaceOrientations_iPad = "UIInterfaceOrientationPortrait UIInterfaceOrientationPortraitUpsideDown UIInterfaceOrientationLandscapeLeft UIInterfaceOrientationLandscapeRight";
				INFOPLIST_KEY_UISupportedInterfaceOrientations_iPhone = "UIInterfaceOrientationPortrait UIInterfaceOrientationLandscapeLeft UIInterfaceOrientationLandscapeRight";
				INFOPLIST_KEY_UIUserInterfaceStyle = Dark;
				IPHONEOS_DEPLOYMENT_TARGET = 17.0;
				LD_RUNPATH_SEARCH_PATHS = (
					"$(inherited)",
					"@executable_path/Frameworks",
				);
				MARKETING_VERSION = 1.0;
				PRODUCT_BUNDLE_IDENTIFIER = com.iswift.Animalia;
				PRODUCT_NAME = "$(TARGET_NAME)";
				SWIFT_EMIT_LOC_STRINGS = YES;
				SWIFT_VERSION = 5.0;
				TARGETED_DEVICE_FAMILY = "1,2";
			};
			name = Debug;
		};
		527464732BDF3281001537BF /* Release */ = {
			isa = XCBuildConfiguration;
			buildSettings = {
				ASSETCATALOG_COMPILER_APPICON_NAME = AppIcon;
				ASSETCATALOG_COMPILER_GLOBAL_ACCENT_COLOR_NAME = AccentColor;
				CODE_SIGN_STYLE = Automatic;
				CURRENT_PROJECT_VERSION = 1;
				DEVELOPMENT_ASSET_PATHS = "\"Animalia/Preview Content\"";
				ENABLE_PREVIEWS = YES;
				GENERATE_INFOPLIST_FILE = YES;
				INFOPLIST_FILE = Animalia/Info.plist;
				INFOPLIST_KEY_LSApplicationCategoryType = "";
				INFOPLIST_KEY_UIApplicationSceneManifest_Generation = YES;
				INFOPLIST_KEY_UIApplicationSupportsIndirectInputEvents = YES;
				INFOPLIST_KEY_UISupportedInterfaceOrientations_iPad = "UIInterfaceOrientationPortrait UIInterfaceOrientationPortraitUpsideDown UIInterfaceOrientationLandscapeLeft UIInterfaceOrientationLandscapeRight";
				INFOPLIST_KEY_UISupportedInterfaceOrientations_iPhone = "UIInterfaceOrientationPortrait UIInterfaceOrientationLandscapeLeft UIInterfaceOrientationLandscapeRight";
				INFOPLIST_KEY_UIUserInterfaceStyle = Dark;
				IPHONEOS_DEPLOYMENT_TARGET = 17.0;
				LD_RUNPATH_SEARCH_PATHS = (
					"$(inherited)",
					"@executable_path/Frameworks",
				);
				MARKETING_VERSION = 1.0;
				PRODUCT_BUNDLE_IDENTIFIER = com.iswift.Animalia;
				PRODUCT_NAME = "$(TARGET_NAME)";
				SWIFT_EMIT_LOC_STRINGS = YES;
				SWIFT_VERSION = 5.0;
				TARGETED_DEVICE_FAMILY = "1,2";
			};
			name = Release;
		};
/* End XCBuildConfiguration section */

/* Begin XCConfigurationList section */
		5274645E2BDF327F001537BF /* Build configuration list for PBXProject "Animalia" */ = {
			isa = XCConfigurationList;
			buildConfigurations = (
				5274646F2BDF3281001537BF /* Debug */,
				527464702BDF3281001537BF /* Release */,
			);
			defaultConfigurationIsVisible = 0;
			defaultConfigurationName = Release;
		};
		527464712BDF3281001537BF /* Build configuration list for PBXNativeTarget "Animalia" */ = {
			isa = XCConfigurationList;
			buildConfigurations = (
				527464722BDF3281001537BF /* Debug */,
				527464732BDF3281001537BF /* Release */,
			);
			defaultConfigurationIsVisible = 0;
			defaultConfigurationName = Release;
		};
/* End XCConfigurationList section */
	};
	rootObject = 5274645B2BDF327F001537BF /* Project object */;
}
